{
  "name": "printer",
  "version": "1.0.0",
  "lockfileVersion": 3,
  "requires": true,
  "packages": {
    "": {
      "name": "printer",
      "version": "1.0.0",
      "license": "ISC",
      "dependencies": {
        "node-cups": "^1.2.2"
      }
    },
    "node_modules/node-cups": {
      "version": "1.2.2",
      "resolved": "https://registry.npmjs.org/node-cups/-/node-cups-1.2.2.tgz",
      "integrity": "sha512-CYnm9Y6bJICcekDJPLC43hilQF8y6y2R5yNR3Hx83Rt0EZPiw6edfS/cD9iYykdqknVLRDUcQ98zV7GzWAG/wg=="
    }
  }
}
